
Microsoft Visual Studio Solution File, Format Version 12.00
# Visual Studio Version 17
VisualStudioVersion = 17.14.36203.30
MinimumVisualStudioVersion = 10.0.40219.1
Project("{FAE04EC0-301F-11D3-BF4B-00C04F79EFBC}") = "StriderWebApi", "StriderWebApi\StriderWebApi.csproj", "{160F2F7C-F649-4B89-8205-F108157F5447}"
EndProject
Project("{2150E333-8FDC-42A3-9474-1A3956D46DE8}") = "Elementos de la solución", "Elementos de la solución", "{D107F4C8-89CC-BEA8-D3D7-CA6B7733353D}"
	ProjectSection(SolutionItems) = preProject
		README.md = README.md
	EndProjectSection
EndProject
Global
	GlobalSection(SolutionConfigurationPlatforms) = preSolution
		Debug|Any CPU = Debug|Any CPU
		Release|Any CPU = Release|Any CPU
	EndGlobalSection
	GlobalSection(ProjectConfigurationPlatforms) = postSolution
		{160F2F7C-F649-4B89-8205-F108157F5447}.Debug|Any CPU.ActiveCfg = Debug|Any CPU
		{160F2F7C-F649-4B89-8205-F108157F5447}.Debug|Any CPU.Build.0 = Debug|Any CPU
		{160F2F7C-F649-4B89-8205-F108157F5447}.Release|Any CPU.ActiveCfg = Release|Any CPU
		{160F2F7C-F649-4B89-8205-F108157F5447}.Release|Any CPU.Build.0 = Release|Any CPU
	EndGlobalSection
	GlobalSection(SolutionProperties) = preSolution
		HideSolutionNode = FALSE
	EndGlobalSection
	GlobalSection(ExtensibilityGlobals) = postSolution
		SolutionGuid = {893C5EA7-608E-48E5-8A3A-3A0680C71E52}
	EndGlobalSection
EndGlobal
